// !$*UTF8*$!
{
	archiveVersion = 1;
	classes = {
	};
	objectVersion = 50;
	objects = {

/* Begin PBXBuildFile section */
		5819799823AB8C6000381D2C /* AppDelegate.swift in Sources */ = {isa = PBXBuildFile; fileRef = 5819799723AB8C6000381D2C /* AppDelegate.swift */; };
		5819799C23AB8C6000381D2C /* ViewController.swift in Sources */ = {isa = PBXBuildFile; fileRef = 5819799B23AB8C6000381D2C /* ViewController.swift */; };
		5819799F23AB8C6000381D2C /* Main.storyboard in Resources */ = {isa = PBXBuildFile; fileRef = 5819799D23AB8C6000381D2C /* Main.storyboard */; };
		581979A123AB8C6200381D2C /* Assets.xcassets in Resources */ = {isa = PBXBuildFile; fileRef = 581979A023AB8C6200381D2C /* Assets.xcassets */; };
		581979A423AB8C6200381D2C /* LaunchScreen.storyboard in Resources */ = {isa = PBXBuildFile; fileRef = 581979A223AB8C6200381D2C /* LaunchScreen.storyboard */; };
		581979B123AB8DAD00381D2C /* GalleryDetailsViewController.swift in Sources */ = {isa = PBXBuildFile; fileRef = 581979B023AB8DAD00381D2C /* GalleryDetailsViewController.swift */; };
		581979B323B655A800381D2C /* SceneDelegate.swift in Sources */ = {isa = PBXBuildFile; fileRef = 581979B223B655A700381D2C /* SceneDelegate.swift */; };
		581979B423B658C500381D2C /* FloatingPanel.framework in Frameworks */ = {isa = PBXBuildFile; fileRef = 581979AC23AB8C6F00381D2C /* FloatingPanel.framework */; };
		581979B523B658C500381D2C /* FloatingPanel.framework in Embed Frameworks */ = {isa = PBXBuildFile; fileRef = 581979AC23AB8C6F00381D2C /* FloatingPanel.framework */; settings = {ATTRIBUTES = (CodeSignOnCopy, RemoveHeadersOnCopy, ); }; };
/* End PBXBuildFile section */

/* Begin PBXCopyFilesBuildPhase section */
		581979B623B658C500381D2C /* Embed Frameworks */ = {
			isa = PBXCopyFilesBuildPhase;
			buildActionMask = 2147483647;
			dstPath = "";
			dstSubfolderSpec = 10;
			files = (
				581979B523B658C500381D2C /* FloatingPanel.framework in Embed Frameworks */,
			);
			name = "Embed Frameworks";
			runOnlyForDeploymentPostprocessing = 0;
		};
/* End PBXCopyFilesBuildPhase section */

/* Begin PBXFileReference section */
		5819799423AB8C6000381D2C /* ImageGallery.app */ = {isa = PBXFileReference; explicitFileType = wrapper.application; includeInIndex = 0; path = ImageGallery.app; sourceTree = BUILT_PRODUCTS_DIR; };
		5819799723AB8C6000381D2C /* AppDelegate.swift */ = {isa = PBXFileReference; lastKnownFileType = sourcecode.swift; path = AppDelegate.swift; sourceTree = "<group>"; };
		5819799B23AB8C6000381D2C /* ViewController.swift */ = {isa = PBXFileReference; lastKnownFileType = sourcecode.swift; path = ViewController.swift; sourceTree = "<group>"; };
		5819799E23AB8C6000381D2C /* Base */ = {isa = PBXFileReference; lastKnownFileType = file.storyboard; name = Base; path = Base.lproj/Main.storyboard; sourceTree = "<group>"; };
		581979A023AB8C6200381D2C /* Assets.xcassets */ = {isa = PBXFileReference; lastKnownFileType = folder.assetcatalog; path = Assets.xcassets; sourceTree = "<group>"; };
		581979A323AB8C6200381D2C /* Base */ = {isa = PBXFileReference; lastKnownFileType = file.storyboard; name = Base; path = Base.lproj/LaunchScreen.storyboard; sourceTree = "<group>"; };
		581979A523AB8C6200381D2C /* Info.plist */ = {isa = PBXFileReference; lastKnownFileType = text.plist.xml; path = Info.plist; sourceTree = "<group>"; };
		581979AC23AB8C6F00381D2C /* FloatingPanel.framework */ = {isa = PBXFileReference; explicitFileType = wrapper.framework; path = FloatingPanel.framework; sourceTree = BUILT_PRODUCTS_DIR; };
		581979B023AB8DAD00381D2C /* GalleryDetailsViewController.swift */ = {isa = PBXFileReference; fileEncoding = 4; lastKnownFileType = sourcecode.swift; path = GalleryDetailsViewController.swift; sourceTree = "<group>"; };
		581979B223B655A700381D2C /* SceneDelegate.swift */ = {isa = PBXFileReference; fileEncoding = 4; lastKnownFileType = sourcecode.swift; path = SceneDelegate.swift; sourceTree = "<group>"; };
/* End PBXFileReference section */

/* Begin PBXFrameworksBuildPhase section */
		5819799123AB8C6000381D2C /* Frameworks */ = {
			isa = PBXFrameworksBuildPhase;
			buildActionMask = 2147483647;
			files = (
				581979B423B658C500381D2C /* FloatingPanel.framework in Frameworks */,
			);
			runOnlyForDeploymentPostprocessing = 0;
		};
/* End PBXFrameworksBuildPhase section */

/* Begin PBXGroup section */
		5819798B23AB8C6000381D2C = {
			isa = PBXGroup;
			children = (
				5819799623AB8C6000381D2C /* ImageGallery */,
				5819799523AB8C6000381D2C /* Products */,
				581979AB23AB8C6F00381D2C /* Frameworks */,
			);
			sourceTree = "<group>";
		};
		5819799523AB8C6000381D2C /* Products */ = {
			isa = PBXGroup;
			children = (
				5819799423AB8C6000381D2C /* ImageGallery.app */,
			);
			name = Products;
			sourceTree = "<group>";
		};
		5819799623AB8C6000381D2C /* ImageGallery */ = {
			isa = PBXGroup;
			children = (
				581979B223B655A700381D2C /* SceneDelegate.swift */,
				581979B023AB8DAD00381D2C /* GalleryDetailsViewController.swift */,
				5819799723AB8C6000381D2C /* AppDelegate.swift */,
				5819799B23AB8C6000381D2C /* ViewController.swift */,
				5819799D23AB8C6000381D2C /* Main.storyboard */,
				581979A023AB8C6200381D2C /* Assets.xcassets */,
				581979A223AB8C6200381D2C /* LaunchScreen.storyboard */,
				581979A523AB8C6200381D2C /* Info.plist */,
			);
			path = ImageGallery;
			sourceTree = "<group>";
		};
		581979AB23AB8C6F00381D2C /* Frameworks */ = {
			isa = PBXGroup;
			children = (
				581979AC23AB8C6F00381D2C /* FloatingPanel.framework */,
			);
			name = Frameworks;
			sourceTree = "<group>";
		};
/* End PBXGroup section */

/* Begin PBXNativeTarget section */
		5819799323AB8C6000381D2C /* ImageGallery */ = {
			isa = PBXNativeTarget;
			buildConfigurationList = 581979A823AB8C6200381D2C /* Build configuration list for PBXNativeTarget "ImageGallery" */;
			buildPhases = (
				5819799023AB8C6000381D2C /* Sources */,
				5819799123AB8C6000381D2C /* Frameworks */,
				5819799223AB8C6000381D2C /* Resources */,
				581979B623B658C500381D2C /* Embed Frameworks */,
			);
			buildRules = (
			);
			dependencies = (
			);
			name = ImageGallery;
			productName = ImageGallery;
			productReference = 5819799423AB8C6000381D2C /* ImageGallery.app */;
			productType = "com.apple.product-type.application";
		};
/* End PBXNativeTarget section */

/* Begin PBXProject section */
		5819798C23AB8C6000381D2C /* Project object */ = {
			isa = PBXProject;
			attributes = {
				LastSwiftUpdateCheck = 1110;
				LastUpgradeCheck = 1110;
				ORGANIZATIONNAME = "Ramesh R C";
				TargetAttributes = {
					5819799323AB8C6000381D2C = {
						CreatedOnToolsVersion = 11.1;
					};
				};
			};
			buildConfigurationList = 5819798F23AB8C6000381D2C /* Build configuration list for PBXProject "ImageGallery" */;
			compatibilityVersion = "Xcode 9.3";
			developmentRegion = en;
			hasScannedForEncodings = 0;
			knownRegions = (
				en,
				Base,
			);
			mainGroup = 5819798B23AB8C6000381D2C;
			productRefGroup = 5819799523AB8C6000381D2C /* Products */;
			projectDirPath = "";
			projectRoot = "";
			targets = (
				5819799323AB8C6000381D2C /* ImageGallery */,
			);
		};
/* End PBXProject section */

/* Begin PBXResourcesBuildPhase section */
		5819799223AB8C6000381D2C /* Resources */ = {
			isa = PBXResourcesBuildPhase;
			buildActionMask = 2147483647;
			files = (
				581979A423AB8C6200381D2C /* LaunchScreen.storyboard in Resources */,
				581979A123AB8C6200381D2C /* Assets.xcassets in Resources */,
				5819799F23AB8C6000381D2C /* Main.storyboard in Resources */,
			);
			runOnlyForDeploymentPostprocessing = 0;
		};
/* End PBXResourcesBuildPhase section */

/* Begin PBXSourcesBuildPhase section */
		5819799023AB8C6000381D2C /* Sources */ = {
			isa = PBXSourcesBuildPhase;
			buildActionMask = 2147483647;
			files = (
				5819799C23AB8C6000381D2C /* ViewController.swift in Sources */,
				5819799823AB8C6000381D2C /* AppDelegate.swift in Sources */,
				581979B123AB8DAD00381D2C /* GalleryDetailsViewController.swift in Sources */,
				581979B323B655A800381D2C /* SceneDelegate.swift in Sources */,
			);
			runOnlyForDeploymentPostprocessing = 0;
		};
/* End PBXSourcesBuildPhase section */

/* Begin PBXVariantGroup section */
		5819799D23AB8C6000381D2C /* Main.storyboard */ = {
			isa = PBXVariantGroup;
			children = (
				5819799E23AB8C6000381D2C /* Base */,
			);
			name = Main.storyboard;
			sourceTree = "<group>";
		};
		581979A223AB8C6200381D2C /* LaunchScreen.storyboard */ = {
			isa = PBXVariantGroup;
			children = (
				581979A323AB8C6200381D2C /* Base */,
			);
			name = LaunchScreen.storyboard;
			sourceTree = "<group>";
		};
/* End PBXVariantGroup section */

/* Begin XCBuildConfiguration section */
		581979A623AB8C6200381D2C /* Debug */ = {
			isa = XCBuildConfiguration;
			buildSettings = {
				ALWAYS_SEARCH_USER_PATHS = NO;
				CLANG_ANALYZER_NONNULL = YES;
				CLANG_ANALYZER_NUMBER_OBJECT_CONVERSION = YES_AGGRESSIVE;
				CLANG_CXX_LANGUAGE_STANDARD = "gnu++14";
				CLANG_CXX_LIBRARY = "libc++";
				CLANG_ENABLE_MODULES = YES;
				CLANG_ENABLE_OBJC_ARC = YES;
				CLANG_ENABLE_OBJC_WEAK = YES;
				CLANG_WARN_BLOCK_CAPTURE_AUTORELEASING = YES;
				CLANG_WARN_BOOL_CONVERSION = YES;
				CLANG_WARN_COMMA = YES;
				CLANG_WARN_CONSTANT_CONVERSION = YES;
				CLANG_WARN_DEPRECATED_OBJC_IMPLEMENTATIONS = YES;
				CLANG_WARN_DIRECT_OBJC_ISA_USAGE = YES_ERROR;
				CLANG_WARN_DOCUMENTATION_COMMENTS = YES;
				CLANG_WARN_EMPTY_BODY = YES;
				CLANG_WARN_ENUM_CONVERSION = YES;
				CLANG_WARN_INFINITE_RECURSION = YES;
				CLANG_WARN_INT_CONVERSION = YES;
				CLANG_WARN_NON_LITERAL_NULL_CONVERSION = YES;
				CLANG_WARN_OBJC_IMPLICIT_RETAIN_SELF = YES;
				CLANG_WARN_OBJC_LITERAL_CONVERSION = YES;
				CLANG_WARN_OBJC_ROOT_CLASS = YES_ERROR;
				CLANG_WARN_RANGE_LOOP_ANALYSIS = YES;
				CLANG_WARN_STRICT_PROTOTYPES = YES;
				CLANG_WARN_SUSPICIOUS_MOVE = YES;
				CLANG_WARN_UNGUARDED_AVAILABILITY = YES_AGGRESSIVE;
				CLANG_WARN_UNREACHABLE_CODE = YES;
				CLANG_WARN__DUPLICATE_METHOD_MATCH = YES;
				COPY_PHASE_STRIP = NO;
				DEBUG_INFORMATION_FORMAT = dwarf;
				ENABLE_STRICT_OBJC_MSGSEND = YES;
				ENABLE_TESTABILITY = YES;
				GCC_C_LANGUAGE_STANDARD = gnu11;
				GCC_DYNAMIC_NO_PIC = NO;
				GCC_NO_COMMON_BLOCKS = YES;
				GCC_OPTIMIZATION_LEVEL = 0;
				GCC_PREPROCESSOR_DEFINITIONS = (
					"DEBUG=1",
					"$(inherited)",
				);
				GCC_WARN_64_TO_32_BIT_CONVERSION = YES;
				GCC_WARN_ABOUT_RETURN_TYPE = YES_ERROR;
				GCC_WARN_UNDECLARED_SELECTOR = YES;
				GCC_WARN_UNINITIALIZED_AUTOS = YES_AGGRESSIVE;
				GCC_WARN_UNUSED_FUNCTION = YES;
				GCC_WARN_UNUSED_VARIABLE = YES;
				IPHONEOS_DEPLOYMENT_TARGET = 13.0;
				MTL_ENABLE_DEBUG_INFO = INCLUDE_SOURCE;
				MTL_FAST_MATH = YES;
				ONLY_ACTIVE_ARCH = YES;
				SDKROOT = iphoneos;
				SWIFT_ACTIVE_COMPILATION_CONDITIONS = DEBUG;
				SWIFT_OPTIMIZATION_LEVEL = "-Onone";
			};
			name = Debug;
		};
		581979A723AB8C6200381D2C /* Release */ = {
			isa = XCBuildConfiguration;
			buildSettings = {
				ALWAYS_SEARCH_USER_PATHS = NO;
				CLANG_ANALYZER_NONNULL = YES;
				CLANG_ANALYZER_NUMBER_OBJECT_CONVERSION = YES_AGGRESSIVE;
				CLANG_CXX_LANGUAGE_STANDARD = "gnu++14";
				CLANG_CXX_LIBRARY = "libc++";
				CLANG_ENABLE_MODULES = YES;
				CLANG_ENABLE_OBJC_ARC = YES;
				CLANG_ENABLE_OBJC_WEAK = YES;
				CLANG_WARN_BLOCK_CAPTURE_AUTORELEASING = YES;
				CLANG_WARN_BOOL_CONVERSION = YES;
				CLANG_WARN_COMMA = YES;
				CLANG_WARN_CONSTANT_CONVERSION = YES;
				CLANG_WARN_DEPRECATED_OBJC_IMPLEMENTATIONS = YES;
				CLANG_WARN_DIRECT_OBJC_ISA_USAGE = YES_ERROR;
				CLANG_WARN_DOCUMENTATION_COMMENTS = YES;
				CLANG_WARN_EMPTY_BODY = YES;
				CLANG_WARN_ENUM_CONVERSION = YES;
				CLANG_WARN_INFINITE_RECURSION = YES;
				CLANG_WARN_INT_CONVERSION = YES;
				CLANG_WARN_NON_LITERAL_NULL_CONVERSION = YES;
				CLANG_WARN_OBJC_IMPLICIT_RETAIN_SELF = YES;
				CLANG_WARN_OBJC_LITERAL_CONVERSION = YES;
				CLANG_WARN_OBJC_ROOT_CLASS = YES_ERROR;
				CLANG_WARN_RANGE_LOOP_ANALYSIS = YES;
				CLANG_WARN_STRICT_PROTOTYPES = YES;
				CLANG_WARN_SUSPICIOUS_MOVE = YES;
				CLANG_WARN_UNGUARDED_AVAILABILITY = YES_AGGRESSIVE;
				CLANG_WARN_UNREACHABLE_CODE = YES;
				CLANG_WARN__DUPLICATE_METHOD_MATCH = YES;
				COPY_PHASE_STRIP = NO;
				DEBUG_INFORMATION_FORMAT = "dwarf-with-dsym";
				ENABLE_NS_ASSERTIONS = NO;
				ENABLE_STRICT_OBJC_MSGSEND = YES;
				GCC_C_LANGUAGE_STANDARD = gnu11;
				GCC_NO_COMMON_BLOCKS = YES;
				GCC_WARN_64_TO_32_BIT_CONVERSION = YES;
				GCC_WARN_ABOUT_RETURN_TYPE = YES_ERROR;
				GCC_WARN_UNDECLARED_SELECTOR = YES;
				GCC_WARN_UNINITIALIZED_AUTOS = YES_AGGRESSIVE;
				GCC_WARN_UNUSED_FUNCTION = YES;
				GCC_WARN_UNUSED_VARIABLE = YES;
				IPHONEOS_DEPLOYMENT_TARGET = 13.0;
				MTL_ENABLE_DEBUG_INFO = NO;
				MTL_FAST_MATH = YES;
				SDKROOT = iphoneos;
				SWIFT_COMPILATION_MODE = wholemodule;
				SWIFT_OPTIMIZATION_LEVEL = "-O";
				VALIDATE_PRODUCT = YES;
			};
			name = Release;
		};
		581979A923AB8C6200381D2C /* Debug */ = {
			isa = XCBuildConfiguration;
			buildSettings = {
				ASSETCATALOG_COMPILER_APPICON_NAME = AppIcon;
				CODE_SIGN_IDENTITY = "iPhone Developer";
				CODE_SIGN_STYLE = Manual;
				DEVELOPMENT_TEAM = XB4UMY888T;
				INFOPLIST_FILE = ImageGallery/Info.plist;
				LD_RUNPATH_SEARCH_PATHS = (
					"$(inherited)",
					"@executable_path/Frameworks",
				);
				PRODUCT_BUNDLE_IDENTIFIER = com.andcharge.ImageGallery;
				PRODUCT_NAME = "$(TARGET_NAME)";
				PROVISIONING_PROFILE_SPECIFIER = "And Charge wildcard";
				SWIFT_VERSION = 5.0;
				TARGETED_DEVICE_FAMILY = "1,2";
			};
			name = Debug;
		};
		581979AA23AB8C6200381D2C /* Release */ = {
			isa = XCBuildConfiguration;
			buildSettings = {
				ASSETCATALOG_COMPILER_APPICON_NAME = AppIcon;
				CODE_SIGN_IDENTITY = "iPhone Developer";
				CODE_SIGN_STYLE = Manual;
				DEVELOPMENT_TEAM = XB4UMY888T;
				INFOPLIST_FILE = ImageGallery/Info.plist;
				LD_RUNPATH_SEARCH_PATHS = (
					"$(inherited)",
					"@executable_path/Frameworks",
				);
				PRODUCT_BUNDLE_IDENTIFIER = com.andcharge.ImageGallery;
				PRODUCT_NAME = "$(TARGET_NAME)";
				PROVISIONING_PROFILE_SPECIFIER = "And Charge wildcard";
				SWIFT_VERSION = 5.0;
				TARGETED_DEVICE_FAMILY = "1,2";
			};
			name = Release;
		};
/* End XCBuildConfiguration section */

/* Begin XCConfigurationList section */
		5819798F23AB8C6000381D2C /* Build configuration list for PBXProject "ImageGallery" */ = {
			isa = XCConfigurationList;
			buildConfigurations = (
				581979A623AB8C6200381D2C /* Debug */,
				581979A723AB8C6200381D2C /* Release */,
			);
			defaultConfigurationIsVisible = 0;
			defaultConfigurationName = Release;
		};
		581979A823AB8C6200381D2C /* Build configuration list for PBXNativeTarget "ImageGallery" */ = {
			isa = XCConfigurationList;
			buildConfigurations = (
				581979A923AB8C6200381D2C /* Debug */,
				581979AA23AB8C6200381D2C /* Release */,
			);
			defaultConfigurationIsVisible = 0;
			defaultConfigurationName = Release;
		};
/* End XCConfigurationList section */
	};
	rootObject = 5819798C23AB8C6000381D2C /* Project object */;
}
