// !$*UTF8*$!
{
	archiveVersion = 1;
	classes = {
	};
	objectVersion = 50;
	objects = {

/* Begin PBXBuildFile section */
		542753C622C49A6E00D17955 /* FloatingPanelLayoutTests.swift in Sources */ = {isa = PBXBuildFile; fileRef = 542753C522C49A6E00D17955 /* FloatingPanelLayoutTests.swift */; };
		54352E9621A51A2500CBCA08 /* FloatingPanelTransitioning.swift in Sources */ = {isa = PBXBuildFile; fileRef = 54352E9521A51A2500CBCA08 /* FloatingPanelTransitioning.swift */; };
		54352E9821A521CA00CBCA08 /* FloatingPanelView.swift in Sources */ = {isa = PBXBuildFile; fileRef = 54352E9721A521CA00CBCA08 /* FloatingPanelView.swift */; };
		5450EEE421646DF500135936 /* FloatingPanelBehavior.swift in Sources */ = {isa = PBXBuildFile; fileRef = 5450EEE321646DF500135936 /* FloatingPanelBehavior.swift */; };
		545DB9CB2151169500CA77B8 /* FloatingPanel.framework in Frameworks */ = {isa = PBXBuildFile; fileRef = 545DB9C12151169500CA77B8 /* FloatingPanel.framework */; };
		545DB9D02151169500CA77B8 /* FloatingPanelControllerTests.swift in Sources */ = {isa = PBXBuildFile; fileRef = 545DB9CF2151169500CA77B8 /* FloatingPanelControllerTests.swift */; };
		545DB9D22151169500CA77B8 /* FloatingPanel.h in Headers */ = {isa = PBXBuildFile; fileRef = 545DB9C42151169500CA77B8 /* FloatingPanel.h */; settings = {ATTRIBUTES = (Public, ); }; };
		545DB9DE215118C800CA77B8 /* UIExtensions.swift in Sources */ = {isa = PBXBuildFile; fileRef = 545DB9DD215118C800CA77B8 /* UIExtensions.swift */; };
		545DB9E021511AC100CA77B8 /* FloatingPanelController.swift in Sources */ = {isa = PBXBuildFile; fileRef = 545DB9DF21511AC100CA77B8 /* FloatingPanelController.swift */; };
		545DBA2B2152383100CA77B8 /* GrabberHandleView.swift in Sources */ = {isa = PBXBuildFile; fileRef = 545DBA2A2152383100CA77B8 /* GrabberHandleView.swift */; };
		546055BF2333C4740069F400 /* Utils.swift in Sources */ = {isa = PBXBuildFile; fileRef = 542753C722C49A8F00D17955 /* Utils.swift */; };
		549E944522CF295D0050AECF /* FloatingPanelPositionTests.swift in Sources */ = {isa = PBXBuildFile; fileRef = 549E944422CF295D0050AECF /* FloatingPanelPositionTests.swift */; };
		54A6B6B122968B530077F348 /* FloatingPanelTests.swift in Sources */ = {isa = PBXBuildFile; fileRef = 54A6B6B022968B530077F348 /* FloatingPanelTests.swift */; };
		54A6B6B622968F710077F348 /* LaunchScreen.storyboard in Resources */ = {isa = PBXBuildFile; fileRef = 54A6B6B522968F710077F348 /* LaunchScreen.storyboard */; };
		54A6B6B82296A8520077F348 /* FloatingPanelSurfaceViewTests.swift in Sources */ = {isa = PBXBuildFile; fileRef = 54A6B6B72296A8520077F348 /* FloatingPanelSurfaceViewTests.swift */; };
		54ABD7AF216CCFF7002E6C13 /* Logger.swift in Sources */ = {isa = PBXBuildFile; fileRef = 54ABD7AE216CCFF7002E6C13 /* Logger.swift */; };
		54CDC5D3215B6D5A007D205C /* FloatingPanelSurfaceView.swift in Sources */ = {isa = PBXBuildFile; fileRef = 54CDC5D2215B6D5A007D205C /* FloatingPanelSurfaceView.swift */; };
		54CDC5D5215B6D8D007D205C /* FloatingPanelBackdropView.swift in Sources */ = {isa = PBXBuildFile; fileRef = 54CDC5D4215B6D8D007D205C /* FloatingPanelBackdropView.swift */; };
		54CFBFC3215CD045006B5735 /* FloatingPanelLayout.swift in Sources */ = {isa = PBXBuildFile; fileRef = 54CFBFC2215CD045006B5735 /* FloatingPanelLayout.swift */; };
		54CFBFC5215CD09C006B5735 /* FloatingPanelCore.swift in Sources */ = {isa = PBXBuildFile; fileRef = 54CFBFC4215CD09C006B5735 /* FloatingPanelCore.swift */; };
		54E740CD218AFD67005C1A34 /* AppDelegate.swift in Sources */ = {isa = PBXBuildFile; fileRef = 54E740CC218AFD67005C1A34 /* AppDelegate.swift */; };
/* End PBXBuildFile section */

/* Begin PBXContainerItemProxy section */
		545DB9CC2151169500CA77B8 /* PBXContainerItemProxy */ = {
			isa = PBXContainerItemProxy;
			containerPortal = 545DB9B82151169500CA77B8 /* Project object */;
			proxyType = 1;
			remoteGlobalIDString = 545DB9C02151169500CA77B8;
			remoteInfo = FloatingModalController;
		};
		54E740DC218AFE9F005C1A34 /* PBXContainerItemProxy */ = {
			isa = PBXContainerItemProxy;
			containerPortal = 545DB9B82151169500CA77B8 /* Project object */;
			proxyType = 1;
			remoteGlobalIDString = 54E740C9218AFD67005C1A34;
			remoteInfo = TestingHost;
		};
/* End PBXContainerItemProxy section */

/* Begin PBXFileReference section */
		542753C522C49A6E00D17955 /* FloatingPanelLayoutTests.swift */ = {isa = PBXFileReference; lastKnownFileType = sourcecode.swift; path = FloatingPanelLayoutTests.swift; sourceTree = "<group>"; };
		542753C722C49A8F00D17955 /* Utils.swift */ = {isa = PBXFileReference; lastKnownFileType = sourcecode.swift; path = Utils.swift; sourceTree = "<group>"; };
		54352E9521A51A2500CBCA08 /* FloatingPanelTransitioning.swift */ = {isa = PBXFileReference; lastKnownFileType = sourcecode.swift; path = FloatingPanelTransitioning.swift; sourceTree = "<group>"; };
		54352E9721A521CA00CBCA08 /* FloatingPanelView.swift */ = {isa = PBXFileReference; lastKnownFileType = sourcecode.swift; path = FloatingPanelView.swift; sourceTree = "<group>"; };
		5450EEE321646DF500135936 /* FloatingPanelBehavior.swift */ = {isa = PBXFileReference; lastKnownFileType = sourcecode.swift; path = FloatingPanelBehavior.swift; sourceTree = "<group>"; };
		545DB9C12151169500CA77B8 /* FloatingPanel.framework */ = {isa = PBXFileReference; explicitFileType = wrapper.framework; includeInIndex = 0; path = FloatingPanel.framework; sourceTree = BUILT_PRODUCTS_DIR; };
		545DB9C42151169500CA77B8 /* FloatingPanel.h */ = {isa = PBXFileReference; lastKnownFileType = sourcecode.c.h; path = FloatingPanel.h; sourceTree = "<group>"; };
		545DB9C52151169500CA77B8 /* Info.plist */ = {isa = PBXFileReference; lastKnownFileType = text.plist.xml; path = Info.plist; sourceTree = "<group>"; };
		545DB9CA2151169500CA77B8 /* FloatingPanelTests.xctest */ = {isa = PBXFileReference; explicitFileType = wrapper.cfbundle; includeInIndex = 0; path = FloatingPanelTests.xctest; sourceTree = BUILT_PRODUCTS_DIR; };
		545DB9CF2151169500CA77B8 /* FloatingPanelControllerTests.swift */ = {isa = PBXFileReference; lastKnownFileType = sourcecode.swift; path = FloatingPanelControllerTests.swift; sourceTree = "<group>"; };
		545DB9D12151169500CA77B8 /* Info.plist */ = {isa = PBXFileReference; lastKnownFileType = text.plist.xml; path = Info.plist; sourceTree = "<group>"; };
		545DB9DD215118C800CA77B8 /* UIExtensions.swift */ = {isa = PBXFileReference; lastKnownFileType = sourcecode.swift; path = UIExtensions.swift; sourceTree = "<group>"; };
		545DB9DF21511AC100CA77B8 /* FloatingPanelController.swift */ = {isa = PBXFileReference; lastKnownFileType = sourcecode.swift; path = FloatingPanelController.swift; sourceTree = "<group>"; };
		545DBA2A2152383100CA77B8 /* GrabberHandleView.swift */ = {isa = PBXFileReference; lastKnownFileType = sourcecode.swift; path = GrabberHandleView.swift; sourceTree = "<group>"; };
		549E944422CF295D0050AECF /* FloatingPanelPositionTests.swift */ = {isa = PBXFileReference; lastKnownFileType = sourcecode.swift; path = FloatingPanelPositionTests.swift; sourceTree = "<group>"; };
		54A6B6B022968B530077F348 /* FloatingPanelTests.swift */ = {isa = PBXFileReference; lastKnownFileType = sourcecode.swift; path = FloatingPanelTests.swift; sourceTree = "<group>"; };
		54A6B6B522968F710077F348 /* LaunchScreen.storyboard */ = {isa = PBXFileReference; lastKnownFileType = file.storyboard; path = LaunchScreen.storyboard; sourceTree = "<group>"; };
		54A6B6B72296A8520077F348 /* FloatingPanelSurfaceViewTests.swift */ = {isa = PBXFileReference; lastKnownFileType = sourcecode.swift; path = FloatingPanelSurfaceViewTests.swift; sourceTree = "<group>"; };
		54ABD7AE216CCFF7002E6C13 /* Logger.swift */ = {isa = PBXFileReference; lastKnownFileType = sourcecode.swift; path = Logger.swift; sourceTree = "<group>"; };
		54CDC5D2215B6D5A007D205C /* FloatingPanelSurfaceView.swift */ = {isa = PBXFileReference; lastKnownFileType = sourcecode.swift; path = FloatingPanelSurfaceView.swift; sourceTree = "<group>"; };
		54CDC5D4215B6D8D007D205C /* FloatingPanelBackdropView.swift */ = {isa = PBXFileReference; lastKnownFileType = sourcecode.swift; path = FloatingPanelBackdropView.swift; sourceTree = "<group>"; };
		54CFBFC2215CD045006B5735 /* FloatingPanelLayout.swift */ = {isa = PBXFileReference; lastKnownFileType = sourcecode.swift; path = FloatingPanelLayout.swift; sourceTree = "<group>"; };
		54CFBFC4215CD09C006B5735 /* FloatingPanelCore.swift */ = {isa = PBXFileReference; lastKnownFileType = sourcecode.swift; path = FloatingPanelCore.swift; sourceTree = "<group>"; };
		54E740CA218AFD67005C1A34 /* FloatingPanelTesting.app */ = {isa = PBXFileReference; explicitFileType = wrapper.application; includeInIndex = 0; path = FloatingPanelTesting.app; sourceTree = BUILT_PRODUCTS_DIR; };
		54E740CC218AFD67005C1A34 /* AppDelegate.swift */ = {isa = PBXFileReference; lastKnownFileType = sourcecode.swift; path = AppDelegate.swift; sourceTree = "<group>"; };
		54E740D8218AFD6A005C1A34 /* Info.plist */ = {isa = PBXFileReference; lastKnownFileType = text.plist.xml; path = Info.plist; sourceTree = "<group>"; };
/* End PBXFileReference section */

/* Begin PBXFrameworksBuildPhase section */
		545DB9BE2151169500CA77B8 /* Frameworks */ = {
			isa = PBXFrameworksBuildPhase;
			buildActionMask = 2147483647;
			files = (
			);
			runOnlyForDeploymentPostprocessing = 0;
		};
		545DB9C72151169500CA77B8 /* Frameworks */ = {
			isa = PBXFrameworksBuildPhase;
			buildActionMask = 2147483647;
			files = (
				545DB9CB2151169500CA77B8 /* FloatingPanel.framework in Frameworks */,
			);
			runOnlyForDeploymentPostprocessing = 0;
		};
		54E740C7218AFD67005C1A34 /* Frameworks */ = {
			isa = PBXFrameworksBuildPhase;
			buildActionMask = 2147483647;
			files = (
			);
			runOnlyForDeploymentPostprocessing = 0;
		};
/* End PBXFrameworksBuildPhase section */

/* Begin PBXGroup section */
		545DB9B72151169500CA77B8 = {
			isa = PBXGroup;
			children = (
				545DB9C32151169500CA77B8 /* Sources */,
				545DB9CE2151169500CA77B8 /* Tests */,
				54E740CB218AFD67005C1A34 /* TestingApp */,
				545DB9C22151169500CA77B8 /* Products */,
			);
			sourceTree = "<group>";
		};
		545DB9C22151169500CA77B8 /* Products */ = {
			isa = PBXGroup;
			children = (
				545DB9C12151169500CA77B8 /* FloatingPanel.framework */,
				545DB9CA2151169500CA77B8 /* FloatingPanelTests.xctest */,
				54E740CA218AFD67005C1A34 /* FloatingPanelTesting.app */,
			);
			name = Products;
			sourceTree = "<group>";
		};
		545DB9C32151169500CA77B8 /* Sources */ = {
			isa = PBXGroup;
			children = (
				545DB9C52151169500CA77B8 /* Info.plist */,
				545DB9C42151169500CA77B8 /* FloatingPanel.h */,
				545DB9DF21511AC100CA77B8 /* FloatingPanelController.swift */,
				54352E9521A51A2500CBCA08 /* FloatingPanelTransitioning.swift */,
				54CFBFC4215CD09C006B5735 /* FloatingPanelCore.swift */,
				54CFBFC2215CD045006B5735 /* FloatingPanelLayout.swift */,
				5450EEE321646DF500135936 /* FloatingPanelBehavior.swift */,
				54352E9721A521CA00CBCA08 /* FloatingPanelView.swift */,
				54CDC5D2215B6D5A007D205C /* FloatingPanelSurfaceView.swift */,
				54CDC5D4215B6D8D007D205C /* FloatingPanelBackdropView.swift */,
				545DBA2A2152383100CA77B8 /* GrabberHandleView.swift */,
				545DB9DD215118C800CA77B8 /* UIExtensions.swift */,
				54ABD7AE216CCFF7002E6C13 /* Logger.swift */,
			);
			path = Sources;
			sourceTree = "<group>";
		};
		545DB9CE2151169500CA77B8 /* Tests */ = {
			isa = PBXGroup;
			children = (
				54A6B6B022968B530077F348 /* FloatingPanelTests.swift */,
				545DB9CF2151169500CA77B8 /* FloatingPanelControllerTests.swift */,
				542753C522C49A6E00D17955 /* FloatingPanelLayoutTests.swift */,
				54A6B6B72296A8520077F348 /* FloatingPanelSurfaceViewTests.swift */,
				549E944422CF295D0050AECF /* FloatingPanelPositionTests.swift */,
				542753C722C49A8F00D17955 /* Utils.swift */,
				545DB9D12151169500CA77B8 /* Info.plist */,
			);
			path = Tests;
			sourceTree = "<group>";
		};
		54E740CB218AFD67005C1A34 /* TestingApp */ = {
			isa = PBXGroup;
			children = (
				54E740CC218AFD67005C1A34 /* AppDelegate.swift */,
				54E740D8218AFD6A005C1A34 /* Info.plist */,
				54A6B6B522968F710077F348 /* LaunchScreen.storyboard */,
			);
			path = TestingApp;
			sourceTree = "<group>";
		};
/* End PBXGroup section */

/* Begin PBXHeadersBuildPhase section */
		545DB9BC2151169500CA77B8 /* Headers */ = {
			isa = PBXHeadersBuildPhase;
			buildActionMask = 2147483647;
			files = (
				545DB9D22151169500CA77B8 /* FloatingPanel.h in Headers */,
			);
			runOnlyForDeploymentPostprocessing = 0;
		};
/* End PBXHeadersBuildPhase section */

/* Begin PBXNativeTarget section */
		545DB9C02151169500CA77B8 /* FloatingPanel */ = {
			isa = PBXNativeTarget;
			buildConfigurationList = 545DB9D52151169500CA77B8 /* Build configuration list for PBXNativeTarget "FloatingPanel" */;
			buildPhases = (
				545DB9BC2151169500CA77B8 /* Headers */,
				545DB9BD2151169500CA77B8 /* Sources */,
				545DB9BE2151169500CA77B8 /* Frameworks */,
				545DB9BF2151169500CA77B8 /* Resources */,
			);
			buildRules = (
			);
			dependencies = (
			);
			name = FloatingPanel;
			productName = FloatingModalController;
			productReference = 545DB9C12151169500CA77B8 /* FloatingPanel.framework */;
			productType = "com.apple.product-type.framework";
		};
		545DB9C92151169500CA77B8 /* FloatingPanelTests */ = {
			isa = PBXNativeTarget;
			buildConfigurationList = 545DB9D82151169500CA77B8 /* Build configuration list for PBXNativeTarget "FloatingPanelTests" */;
			buildPhases = (
				545DB9C62151169500CA77B8 /* Sources */,
				545DB9C72151169500CA77B8 /* Frameworks */,
				545DB9C82151169500CA77B8 /* Resources */,
			);
			buildRules = (
			);
			dependencies = (
				545DB9CD2151169500CA77B8 /* PBXTargetDependency */,
				54E740DD218AFE9F005C1A34 /* PBXTargetDependency */,
			);
			name = FloatingPanelTests;
			productName = FloatingModalControllerTests;
			productReference = 545DB9CA2151169500CA77B8 /* FloatingPanelTests.xctest */;
			productType = "com.apple.product-type.bundle.unit-test";
		};
		54E740C9218AFD67005C1A34 /* TestingApp */ = {
			isa = PBXNativeTarget;
			buildConfigurationList = 54E740D9218AFD6A005C1A34 /* Build configuration list for PBXNativeTarget "TestingApp" */;
			buildPhases = (
				54E740C6218AFD67005C1A34 /* Sources */,
				54E740C7218AFD67005C1A34 /* Frameworks */,
				54E740C8218AFD67005C1A34 /* Resources */,
			);
			buildRules = (
			);
			dependencies = (
			);
			name = TestingApp;
			productName = TestingHost;
			productReference = 54E740CA218AFD67005C1A34 /* FloatingPanelTesting.app */;
			productType = "com.apple.product-type.application";
		};
/* End PBXNativeTarget section */

/* Begin PBXProject section */
		545DB9B82151169500CA77B8 /* Project object */ = {
			isa = PBXProject;
			attributes = {
				LastSwiftUpdateCheck = 1010;
				LastUpgradeCheck = 1000;
				ORGANIZATIONNAME = scenee;
				TargetAttributes = {
					545DB9C02151169500CA77B8 = {
						CreatedOnToolsVersion = 10.0;
						LastSwiftMigration = 1000;
					};
					545DB9C92151169500CA77B8 = {
						CreatedOnToolsVersion = 10.0;
						TestTargetID = 54E740C9218AFD67005C1A34;
					};
					54E740C9218AFD67005C1A34 = {
						CreatedOnToolsVersion = 10.1;
					};
				};
			};
			buildConfigurationList = 545DB9BB2151169500CA77B8 /* Build configuration list for PBXProject "FloatingPanel" */;
			compatibilityVersion = "Xcode 9.3";
			developmentRegion = en;
			hasScannedForEncodings = 0;
			knownRegions = (
				en,
				Base,
			);
			mainGroup = 545DB9B72151169500CA77B8;
			productRefGroup = 545DB9C22151169500CA77B8 /* Products */;
			projectDirPath = "";
			projectRoot = "";
			targets = (
				545DB9C02151169500CA77B8 /* FloatingPanel */,
				545DB9C92151169500CA77B8 /* FloatingPanelTests */,
				54E740C9218AFD67005C1A34 /* TestingApp */,
			);
		};
/* End PBXProject section */

/* Begin PBXResourcesBuildPhase section */
		545DB9BF2151169500CA77B8 /* Resources */ = {
			isa = PBXResourcesBuildPhase;
			buildActionMask = 2147483647;
			files = (
			);
			runOnlyForDeploymentPostprocessing = 0;
		};
		545DB9C82151169500CA77B8 /* Resources */ = {
			isa = PBXResourcesBuildPhase;
			buildActionMask = 2147483647;
			files = (
			);
			runOnlyForDeploymentPostprocessing = 0;
		};
		54E740C8218AFD67005C1A34 /* Resources */ = {
			isa = PBXResourcesBuildPhase;
			buildActionMask = 2147483647;
			files = (
				54A6B6B622968F710077F348 /* LaunchScreen.storyboard in Resources */,
			);
			runOnlyForDeploymentPostprocessing = 0;
		};
/* End PBXResourcesBuildPhase section */

/* Begin PBXSourcesBuildPhase section */
		545DB9BD2151169500CA77B8 /* Sources */ = {
			isa = PBXSourcesBuildPhase;
			buildActionMask = 2147483647;
			files = (
				54CDC5D3215B6D5A007D205C /* FloatingPanelSurfaceView.swift in Sources */,
				54CFBFC3215CD045006B5735 /* FloatingPanelLayout.swift in Sources */,
				54CDC5D5215B6D8D007D205C /* FloatingPanelBackdropView.swift in Sources */,
				54352E9821A521CA00CBCA08 /* FloatingPanelView.swift in Sources */,
				54CFBFC5215CD09C006B5735 /* FloatingPanelCore.swift in Sources */,
				54ABD7AF216CCFF7002E6C13 /* Logger.swift in Sources */,
				545DB9E021511AC100CA77B8 /* FloatingPanelController.swift in Sources */,
				5450EEE421646DF500135936 /* FloatingPanelBehavior.swift in Sources */,
				545DBA2B2152383100CA77B8 /* GrabberHandleView.swift in Sources */,
				54352E9621A51A2500CBCA08 /* FloatingPanelTransitioning.swift in Sources */,
				545DB9DE215118C800CA77B8 /* UIExtensions.swift in Sources */,
			);
			runOnlyForDeploymentPostprocessing = 0;
		};
		545DB9C62151169500CA77B8 /* Sources */ = {
			isa = PBXSourcesBuildPhase;
			buildActionMask = 2147483647;
			files = (
				54A6B6B122968B530077F348 /* FloatingPanelTests.swift in Sources */,
				545DB9D02151169500CA77B8 /* FloatingPanelControllerTests.swift in Sources */,
				549E944522CF295D0050AECF /* FloatingPanelPositionTests.swift in Sources */,
				542753C622C49A6E00D17955 /* FloatingPanelLayoutTests.swift in Sources */,
				54A6B6B82296A8520077F348 /* FloatingPanelSurfaceViewTests.swift in Sources */,
				546055BF2333C4740069F400 /* Utils.swift in Sources */,
			);
			runOnlyForDeploymentPostprocessing = 0;
		};
		54E740C6218AFD67005C1A34 /* Sources */ = {
			isa = PBXSourcesBuildPhase;
			buildActionMask = 2147483647;
			files = (
				54E740CD218AFD67005C1A34 /* AppDelegate.swift in Sources */,
			);
			runOnlyForDeploymentPostprocessing = 0;
		};
/* End PBXSourcesBuildPhase section */

/* Begin PBXTargetDependency section */
		545DB9CD2151169500CA77B8 /* PBXTargetDependency */ = {
			isa = PBXTargetDependency;
			target = 545DB9C02151169500CA77B8 /* FloatingPanel */;
			targetProxy = 545DB9CC2151169500CA77B8 /* PBXContainerItemProxy */;
		};
		54E740DD218AFE9F005C1A34 /* PBXTargetDependency */ = {
			isa = PBXTargetDependency;
			target = 54E740C9218AFD67005C1A34 /* TestingApp */;
			targetProxy = 54E740DC218AFE9F005C1A34 /* PBXContainerItemProxy */;
		};
/* End PBXTargetDependency section */

/* Begin XCBuildConfiguration section */
		545DB9D32151169500CA77B8 /* Debug */ = {
			isa = XCBuildConfiguration;
			buildSettings = {
				ALWAYS_SEARCH_USER_PATHS = NO;
				CLANG_ANALYZER_NONNULL = YES;
				CLANG_ANALYZER_NUMBER_OBJECT_CONVERSION = YES_AGGRESSIVE;
				CLANG_CXX_LANGUAGE_STANDARD = "gnu++14";
				CLANG_CXX_LIBRARY = "libc++";
				CLANG_ENABLE_MODULES = YES;
				CLANG_ENABLE_OBJC_ARC = YES;
				CLANG_ENABLE_OBJC_WEAK = YES;
				CLANG_WARN_BLOCK_CAPTURE_AUTORELEASING = YES;
				CLANG_WARN_BOOL_CONVERSION = YES;
				CLANG_WARN_COMMA = YES;
				CLANG_WARN_CONSTANT_CONVERSION = YES;
				CLANG_WARN_DEPRECATED_OBJC_IMPLEMENTATIONS = YES;
				CLANG_WARN_DIRECT_OBJC_ISA_USAGE = YES_ERROR;
				CLANG_WARN_DOCUMENTATION_COMMENTS = YES;
				CLANG_WARN_EMPTY_BODY = YES;
				CLANG_WARN_ENUM_CONVERSION = YES;
				CLANG_WARN_INFINITE_RECURSION = YES;
				CLANG_WARN_INT_CONVERSION = YES;
				CLANG_WARN_NON_LITERAL_NULL_CONVERSION = YES;
				CLANG_WARN_OBJC_IMPLICIT_RETAIN_SELF = YES;
				CLANG_WARN_OBJC_LITERAL_CONVERSION = YES;
				CLANG_WARN_OBJC_ROOT_CLASS = YES_ERROR;
				CLANG_WARN_RANGE_LOOP_ANALYSIS = YES;
				CLANG_WARN_STRICT_PROTOTYPES = YES;
				CLANG_WARN_SUSPICIOUS_MOVE = YES;
				CLANG_WARN_UNGUARDED_AVAILABILITY = YES_AGGRESSIVE;
				CLANG_WARN_UNREACHABLE_CODE = YES;
				CLANG_WARN__DUPLICATE_METHOD_MATCH = YES;
				CODE_SIGN_IDENTITY = "iPhone Developer";
				COPY_PHASE_STRIP = NO;
				CURRENT_PROJECT_VERSION = 1;
				DEBUG_INFORMATION_FORMAT = dwarf;
				ENABLE_STRICT_OBJC_MSGSEND = YES;
				ENABLE_TESTABILITY = YES;
				GCC_C_LANGUAGE_STANDARD = gnu11;
				GCC_DYNAMIC_NO_PIC = NO;
				GCC_NO_COMMON_BLOCKS = YES;
				GCC_OPTIMIZATION_LEVEL = 0;
				GCC_PREPROCESSOR_DEFINITIONS = (
					"DEBUG=1",
					"$(inherited)",
				);
				GCC_WARN_64_TO_32_BIT_CONVERSION = YES;
				GCC_WARN_ABOUT_RETURN_TYPE = YES_ERROR;
				GCC_WARN_UNDECLARED_SELECTOR = YES;
				GCC_WARN_UNINITIALIZED_AUTOS = YES_AGGRESSIVE;
				GCC_WARN_UNUSED_FUNCTION = YES;
				GCC_WARN_UNUSED_VARIABLE = YES;
				IPHONEOS_DEPLOYMENT_TARGET = 12.0;
				MTL_ENABLE_DEBUG_INFO = INCLUDE_SOURCE;
				MTL_FAST_MATH = YES;
				ONLY_ACTIVE_ARCH = YES;
				SDKROOT = iphoneos;
				SWIFT_ACTIVE_COMPILATION_CONDITIONS = DEBUG;
				SWIFT_OPTIMIZATION_LEVEL = "-Onone";
				VERSIONING_SYSTEM = "apple-generic";
				VERSION_INFO_PREFIX = "";
			};
			name = Debug;
		};
		545DB9D42151169500CA77B8 /* Release */ = {
			isa = XCBuildConfiguration;
			buildSettings = {
				ALWAYS_SEARCH_USER_PATHS = NO;
				CLANG_ANALYZER_NONNULL = YES;
				CLANG_ANALYZER_NUMBER_OBJECT_CONVERSION = YES_AGGRESSIVE;
				CLANG_CXX_LANGUAGE_STANDARD = "gnu++14";
				CLANG_CXX_LIBRARY = "libc++";
				CLANG_ENABLE_MODULES = YES;
				CLANG_ENABLE_OBJC_ARC = YES;
				CLANG_ENABLE_OBJC_WEAK = YES;
				CLANG_WARN_BLOCK_CAPTURE_AUTORELEASING = YES;
				CLANG_WARN_BOOL_CONVERSION = YES;
				CLANG_WARN_COMMA = YES;
				CLANG_WARN_CONSTANT_CONVERSION = YES;
				CLANG_WARN_DEPRECATED_OBJC_IMPLEMENTATIONS = YES;
				CLANG_WARN_DIRECT_OBJC_ISA_USAGE = YES_ERROR;
				CLANG_WARN_DOCUMENTATION_COMMENTS = YES;
				CLANG_WARN_EMPTY_BODY = YES;
				CLANG_WARN_ENUM_CONVERSION = YES;
				CLANG_WARN_INFINITE_RECURSION = YES;
				CLANG_WARN_INT_CONVERSION = YES;
				CLANG_WARN_NON_LITERAL_NULL_CONVERSION = YES;
				CLANG_WARN_OBJC_IMPLICIT_RETAIN_SELF = YES;
				CLANG_WARN_OBJC_LITERAL_CONVERSION = YES;
				CLANG_WARN_OBJC_ROOT_CLASS = YES_ERROR;
				CLANG_WARN_RANGE_LOOP_ANALYSIS = YES;
				CLANG_WARN_STRICT_PROTOTYPES = YES;
				CLANG_WARN_SUSPICIOUS_MOVE = YES;
				CLANG_WARN_UNGUARDED_AVAILABILITY = YES_AGGRESSIVE;
				CLANG_WARN_UNREACHABLE_CODE = YES;
				CLANG_WARN__DUPLICATE_METHOD_MATCH = YES;
				CODE_SIGN_IDENTITY = "iPhone Developer";
				COPY_PHASE_STRIP = NO;
				CURRENT_PROJECT_VERSION = 1;
				DEBUG_INFORMATION_FORMAT = "dwarf-with-dsym";
				ENABLE_NS_ASSERTIONS = NO;
				ENABLE_STRICT_OBJC_MSGSEND = YES;
				GCC_C_LANGUAGE_STANDARD = gnu11;
				GCC_NO_COMMON_BLOCKS = YES;
				GCC_WARN_64_TO_32_BIT_CONVERSION = YES;
				GCC_WARN_ABOUT_RETURN_TYPE = YES_ERROR;
				GCC_WARN_UNDECLARED_SELECTOR = YES;
				GCC_WARN_UNINITIALIZED_AUTOS = YES_AGGRESSIVE;
				GCC_WARN_UNUSED_FUNCTION = YES;
				GCC_WARN_UNUSED_VARIABLE = YES;
				IPHONEOS_DEPLOYMENT_TARGET = 12.0;
				MTL_ENABLE_DEBUG_INFO = NO;
				MTL_FAST_MATH = YES;
				SDKROOT = iphoneos;
				SWIFT_COMPILATION_MODE = wholemodule;
				SWIFT_OPTIMIZATION_LEVEL = "-O";
				VALIDATE_PRODUCT = YES;
				VERSIONING_SYSTEM = "apple-generic";
				VERSION_INFO_PREFIX = "";
			};
			name = Release;
		};
		545DB9D62151169500CA77B8 /* Debug */ = {
			isa = XCBuildConfiguration;
			buildSettings = {
				APPLICATION_EXTENSION_API_ONLY = YES;
				BUILD_LIBRARY_FOR_DISTRIBUTION = YES;
				CLANG_ENABLE_MODULES = YES;
				CODE_SIGN_IDENTITY = "";
				CODE_SIGN_STYLE = Automatic;
				DEFINES_MODULE = YES;
				DYLIB_COMPATIBILITY_VERSION = 1;
				DYLIB_CURRENT_VERSION = 1;
				DYLIB_INSTALL_NAME_BASE = "@rpath";
				INFOPLIST_FILE = Sources/Info.plist;
				INSTALL_PATH = "$(LOCAL_LIBRARY_DIR)/Frameworks";
				IPHONEOS_DEPLOYMENT_TARGET = 10.0;
				LD_RUNPATH_SEARCH_PATHS = (
					"$(inherited)",
					"@executable_path/Frameworks",
					"@loader_path/Frameworks",
				);
				PRODUCT_BUNDLE_IDENTIFIER = com.scenee.FloatingPanel;
				PRODUCT_NAME = "$(TARGET_NAME:c99extidentifier)";
				SKIP_INSTALL = YES;
				SWIFT_ACTIVE_COMPILATION_CONDITIONS = DEBUG;
				SWIFT_COMPILATION_MODE = wholemodule;
				SWIFT_OPTIMIZATION_LEVEL = "-Onone";
				SWIFT_VERSION = 4.0;
				TARGETED_DEVICE_FAMILY = "1,2";
			};
			name = Debug;
		};
		545DB9D72151169500CA77B8 /* Release */ = {
			isa = XCBuildConfiguration;
			buildSettings = {
				APPLICATION_EXTENSION_API_ONLY = YES;
				BUILD_LIBRARY_FOR_DISTRIBUTION = YES;
				CLANG_ENABLE_MODULES = YES;
				CODE_SIGN_IDENTITY = "";
				CODE_SIGN_STYLE = Automatic;
				DEFINES_MODULE = YES;
				DYLIB_COMPATIBILITY_VERSION = 1;
				DYLIB_CURRENT_VERSION = 1;
				DYLIB_INSTALL_NAME_BASE = "@rpath";
				INFOPLIST_FILE = Sources/Info.plist;
				INSTALL_PATH = "$(LOCAL_LIBRARY_DIR)/Frameworks";
				IPHONEOS_DEPLOYMENT_TARGET = 10.0;
				LD_RUNPATH_SEARCH_PATHS = (
					"$(inherited)",
					"@executable_path/Frameworks",
					"@loader_path/Frameworks",
				);
				PRODUCT_BUNDLE_IDENTIFIER = com.scenee.FloatingPanel;
				PRODUCT_NAME = "$(TARGET_NAME:c99extidentifier)";
				SKIP_INSTALL = YES;
				SWIFT_COMPILATION_MODE = wholemodule;
				SWIFT_VERSION = 4.0;
				TARGETED_DEVICE_FAMILY = "1,2";
			};
			name = Release;
		};
		545DB9D92151169500CA77B8 /* Debug */ = {
			isa = XCBuildConfiguration;
			buildSettings = {
				ALWAYS_EMBED_SWIFT_STANDARD_LIBRARIES = YES;
				CODE_SIGN_STYLE = Automatic;
				DEVELOPMENT_TEAM = "";
				INFOPLIST_FILE = Tests/Info.plist;
				IPHONEOS_DEPLOYMENT_TARGET = 10.0;
				LD_RUNPATH_SEARCH_PATHS = (
					"$(inherited)",
					"@executable_path/Frameworks",
					"@loader_path/Frameworks",
				);
				PRODUCT_BUNDLE_IDENTIFIER = com.scenee.FloatingModalControllerTests;
				PRODUCT_NAME = "$(TARGET_NAME)";
				SWIFT_VERSION = 5.0;
				TARGETED_DEVICE_FAMILY = "1,2";
				TEST_HOST = "$(BUILT_PRODUCTS_DIR)/FloatingPanelTesting.app/FloatingPanelTesting";
			};
			name = Debug;
		};
		545DB9DA2151169500CA77B8 /* Release */ = {
			isa = XCBuildConfiguration;
			buildSettings = {
				ALWAYS_EMBED_SWIFT_STANDARD_LIBRARIES = YES;
				CODE_SIGN_STYLE = Automatic;
				DEVELOPMENT_TEAM = "";
				INFOPLIST_FILE = Tests/Info.plist;
				IPHONEOS_DEPLOYMENT_TARGET = 10.0;
				LD_RUNPATH_SEARCH_PATHS = (
					"$(inherited)",
					"@executable_path/Frameworks",
					"@loader_path/Frameworks",
				);
				PRODUCT_BUNDLE_IDENTIFIER = com.scenee.FloatingModalControllerTests;
				PRODUCT_NAME = "$(TARGET_NAME)";
				SWIFT_VERSION = 5.0;
				TARGETED_DEVICE_FAMILY = "1,2";
				TEST_HOST = "$(BUILT_PRODUCTS_DIR)/FloatingPanelTesting.app/FloatingPanelTesting";
			};
			name = Release;
		};
		54E740DA218AFD6A005C1A34 /* Debug */ = {
			isa = XCBuildConfiguration;
			buildSettings = {
				CODE_SIGN_STYLE = Automatic;
				DEVELOPMENT_TEAM = "";
				INFOPLIST_FILE = TestingApp/Info.plist;
				IPHONEOS_DEPLOYMENT_TARGET = 10.0;
				LD_RUNPATH_SEARCH_PATHS = (
					"$(inherited)",
					"@executable_path/Frameworks",
				);
				PRODUCT_BUNDLE_IDENTIFIER = com.scenee.FloatingPanelTesting;
				PRODUCT_NAME = FloatingPanelTesting;
				SWIFT_VERSION = 5.0;
				TARGETED_DEVICE_FAMILY = "1,2";
			};
			name = Debug;
		};
		54E740DB218AFD6A005C1A34 /* Release */ = {
			isa = XCBuildConfiguration;
			buildSettings = {
				CODE_SIGN_STYLE = Automatic;
				DEVELOPMENT_TEAM = "";
				INFOPLIST_FILE = TestingApp/Info.plist;
				IPHONEOS_DEPLOYMENT_TARGET = 10.0;
				LD_RUNPATH_SEARCH_PATHS = (
					"$(inherited)",
					"@executable_path/Frameworks",
				);
				PRODUCT_BUNDLE_IDENTIFIER = com.scenee.FloatingPanelTesting;
				PRODUCT_NAME = FloatingPanelTesting;
				SWIFT_VERSION = 5.0;
				TARGETED_DEVICE_FAMILY = "1,2";
			};
			name = Release;
		};
		54E79ADF224F6C9800717BC6 /* Test */ = {
			isa = XCBuildConfiguration;
			buildSettings = {
				ALWAYS_SEARCH_USER_PATHS = NO;
				CLANG_ANALYZER_NONNULL = YES;
				CLANG_ANALYZER_NUMBER_OBJECT_CONVERSION = YES_AGGRESSIVE;
				CLANG_CXX_LANGUAGE_STANDARD = "gnu++14";
				CLANG_CXX_LIBRARY = "libc++";
				CLANG_ENABLE_MODULES = YES;
				CLANG_ENABLE_OBJC_ARC = YES;
				CLANG_ENABLE_OBJC_WEAK = YES;
				CLANG_WARN_BLOCK_CAPTURE_AUTORELEASING = YES;
				CLANG_WARN_BOOL_CONVERSION = YES;
				CLANG_WARN_COMMA = YES;
				CLANG_WARN_CONSTANT_CONVERSION = YES;
				CLANG_WARN_DEPRECATED_OBJC_IMPLEMENTATIONS = YES;
				CLANG_WARN_DIRECT_OBJC_ISA_USAGE = YES_ERROR;
				CLANG_WARN_DOCUMENTATION_COMMENTS = YES;
				CLANG_WARN_EMPTY_BODY = YES;
				CLANG_WARN_ENUM_CONVERSION = YES;
				CLANG_WARN_INFINITE_RECURSION = YES;
				CLANG_WARN_INT_CONVERSION = YES;
				CLANG_WARN_NON_LITERAL_NULL_CONVERSION = YES;
				CLANG_WARN_OBJC_IMPLICIT_RETAIN_SELF = YES;
				CLANG_WARN_OBJC_LITERAL_CONVERSION = YES;
				CLANG_WARN_OBJC_ROOT_CLASS = YES_ERROR;
				CLANG_WARN_RANGE_LOOP_ANALYSIS = YES;
				CLANG_WARN_STRICT_PROTOTYPES = YES;
				CLANG_WARN_SUSPICIOUS_MOVE = YES;
				CLANG_WARN_UNGUARDED_AVAILABILITY = YES_AGGRESSIVE;
				CLANG_WARN_UNREACHABLE_CODE = YES;
				CLANG_WARN__DUPLICATE_METHOD_MATCH = YES;
				CODE_SIGN_IDENTITY = "iPhone Developer";
				COPY_PHASE_STRIP = NO;
				CURRENT_PROJECT_VERSION = 1;
				DEBUG_INFORMATION_FORMAT = dwarf;
				ENABLE_STRICT_OBJC_MSGSEND = YES;
				ENABLE_TESTABILITY = YES;
				GCC_C_LANGUAGE_STANDARD = gnu11;
				GCC_DYNAMIC_NO_PIC = NO;
				GCC_NO_COMMON_BLOCKS = YES;
				GCC_OPTIMIZATION_LEVEL = 0;
				GCC_PREPROCESSOR_DEFINITIONS = (
					"DEBUG=1",
					"$(inherited)",
				);
				GCC_WARN_64_TO_32_BIT_CONVERSION = YES;
				GCC_WARN_ABOUT_RETURN_TYPE = YES_ERROR;
				GCC_WARN_UNDECLARED_SELECTOR = YES;
				GCC_WARN_UNINITIALIZED_AUTOS = YES_AGGRESSIVE;
				GCC_WARN_UNUSED_FUNCTION = YES;
				GCC_WARN_UNUSED_VARIABLE = YES;
				IPHONEOS_DEPLOYMENT_TARGET = 12.0;
				MTL_ENABLE_DEBUG_INFO = INCLUDE_SOURCE;
				MTL_FAST_MATH = YES;
				ONLY_ACTIVE_ARCH = YES;
				SDKROOT = iphoneos;
				SWIFT_ACTIVE_COMPILATION_CONDITIONS = DEBUG;
				SWIFT_OPTIMIZATION_LEVEL = "-Onone";
				VERSIONING_SYSTEM = "apple-generic";
				VERSION_INFO_PREFIX = "";
			};
			name = Test;
		};
		54E79AE0224F6C9800717BC6 /* Test */ = {
			isa = XCBuildConfiguration;
			buildSettings = {
				APPLICATION_EXTENSION_API_ONLY = YES;
				CLANG_ENABLE_MODULES = YES;
				CODE_SIGN_IDENTITY = "";
				CODE_SIGN_STYLE = Automatic;
				DEFINES_MODULE = YES;
				DYLIB_COMPATIBILITY_VERSION = 1;
				DYLIB_CURRENT_VERSION = 1;
				DYLIB_INSTALL_NAME_BASE = "@rpath";
				INFOPLIST_FILE = Sources/Info.plist;
				INSTALL_PATH = "$(LOCAL_LIBRARY_DIR)/Frameworks";
				IPHONEOS_DEPLOYMENT_TARGET = 10.0;
				LD_RUNPATH_SEARCH_PATHS = (
					"$(inherited)",
					"@executable_path/Frameworks",
					"@loader_path/Frameworks",
				);
				PRODUCT_BUNDLE_IDENTIFIER = com.scenee.FloatingPanel;
				PRODUCT_NAME = "$(TARGET_NAME:c99extidentifier)";
				SKIP_INSTALL = YES;
				SWIFT_ACTIVE_COMPILATION_CONDITIONS = "TEST DEBUG __FP_LOG";
				SWIFT_COMPILATION_MODE = wholemodule;
				SWIFT_OPTIMIZATION_LEVEL = "-Onone";
				SWIFT_VERSION = 4.0;
				TARGETED_DEVICE_FAMILY = "1,2";
			};
			name = Test;
		};
		54E79AE1224F6C9800717BC6 /* Test */ = {
			isa = XCBuildConfiguration;
			buildSettings = {
				ALWAYS_EMBED_SWIFT_STANDARD_LIBRARIES = YES;
				CODE_SIGN_STYLE = Automatic;
				DEVELOPMENT_TEAM = "";
				INFOPLIST_FILE = Tests/Info.plist;
				IPHONEOS_DEPLOYMENT_TARGET = 10.0;
				LD_RUNPATH_SEARCH_PATHS = (
					"$(inherited)",
					"@executable_path/Frameworks",
					"@loader_path/Frameworks",
				);
				PRODUCT_BUNDLE_IDENTIFIER = com.scenee.FloatingModalControllerTests;
				PRODUCT_NAME = "$(TARGET_NAME)";
				SWIFT_VERSION = 5.0;
				TARGETED_DEVICE_FAMILY = "1,2";
				TEST_HOST = "$(BUILT_PRODUCTS_DIR)/FloatingPanelTesting.app/FloatingPanelTesting";
			};
			name = Test;
		};
		54E8AC6A2286CFB6000C5A12 /* Test */ = {
			isa = XCBuildConfiguration;
			buildSettings = {
				DEVELOPMENT_TEAM = "";
				INFOPLIST_FILE = TestingApp/Info.plist;
				IPHONEOS_DEPLOYMENT_TARGET = 10.0;
				LD_RUNPATH_SEARCH_PATHS = "@executable_path/Frameworks";
				PRODUCT_BUNDLE_IDENTIFIER = com.scenee.FloatingPanelTesting;
				PRODUCT_NAME = FloatingPanelTesting;
				SWIFT_VERSION = 5.0;
				TARGETED_DEVICE_FAMILY = "1,2";
			};
			name = Test;
		};
/* End XCBuildConfiguration section */

/* Begin XCConfigurationList section */
		545DB9BB2151169500CA77B8 /* Build configuration list for PBXProject "FloatingPanel" */ = {
			isa = XCConfigurationList;
			buildConfigurations = (
				545DB9D32151169500CA77B8 /* Debug */,
				54E79ADF224F6C9800717BC6 /* Test */,
				545DB9D42151169500CA77B8 /* Release */,
			);
			defaultConfigurationIsVisible = 0;
			defaultConfigurationName = Release;
		};
		545DB9D52151169500CA77B8 /* Build configuration list for PBXNativeTarget "FloatingPanel" */ = {
			isa = XCConfigurationList;
			buildConfigurations = (
				545DB9D62151169500CA77B8 /* Debug */,
				54E79AE0224F6C9800717BC6 /* Test */,
				545DB9D72151169500CA77B8 /* Release */,
			);
			defaultConfigurationIsVisible = 0;
			defaultConfigurationName = Release;
		};
		545DB9D82151169500CA77B8 /* Build configuration list for PBXNativeTarget "FloatingPanelTests" */ = {
			isa = XCConfigurationList;
			buildConfigurations = (
				545DB9D92151169500CA77B8 /* Debug */,
				54E79AE1224F6C9800717BC6 /* Test */,
				545DB9DA2151169500CA77B8 /* Release */,
			);
			defaultConfigurationIsVisible = 0;
			defaultConfigurationName = Release;
		};
		54E740D9218AFD6A005C1A34 /* Build configuration list for PBXNativeTarget "TestingApp" */ = {
			isa = XCConfigurationList;
			buildConfigurations = (
				54E740DA218AFD6A005C1A34 /* Debug */,
				54E740DB218AFD6A005C1A34 /* Release */,
				54E8AC6A2286CFB6000C5A12 /* Test */,
			);
			defaultConfigurationIsVisible = 0;
			defaultConfigurationName = Release;
		};
/* End XCConfigurationList section */
	};
	rootObject = 545DB9B82151169500CA77B8 /* Project object */;
}
